# This file is automatically @generated by Poetry 1.8.3 and should not be changed by hand.

[[package]]
name = "nuitka"
version = "4.2.2"
description = "Python compiler with full language support and CPython compatibility"
optional = false
python-versions = "*"
files = [
    {file = "nuitka-4.2.2.tar.gz", hash = "sha256:29c1bfb6f53154e620b38cf6167cbb03f54043f6e08ef7d3f2d5080a95df7e0d"},
]

[package.extras]
all = ["imageio", "setuptools (>=42)", "toml", "zstandard (>=0.15)"]
app = ["zstandard (>=0.15)"]
build-wheel = ["setuptools (>=42)", "toml", "wheel"]
icon-conversion = ["imageio"]
onefile = ["zstandard (>=0.15)"]

[metadata]
lock-version = "2.0"
python-versions = "^3.11"
content-hash = "2837bddf61e009c733f48a0609c9f4c3ae29f6b9871530e1f759497d27731ce6"
